
Microsoft Visual Studio Solution File, Format Version 12.00
# Visual Studio Version 17
VisualStudioVersion = 17.13.35931.197 d17.13
MinimumVisualStudioVersion = 10.0.40219.1
Project("{FAE04EC0-301F-11D3-BF4B-00C04F79EFBC}") = "controller-ps4", "controller-ps4.csproj", "{D5F492BE-B3D8-4B6A-B0BF-2BC29885D93B}"
EndProject
Global
	GlobalSection(SolutionConfigurationPlatforms) = preSolution
		Debug|Any CPU = Debug|Any CPU
		Release|Any CPU = Release|Any CPU
	EndGlobalSection
	GlobalSection(ProjectConfigurationPlatforms) = postSolution
		{D5F492BE-B3D8-4B6A-B0BF-2BC29885D93B}.Debug|Any CPU.ActiveCfg = Debug|Any CPU
		{D5F492BE-B3D8-4B6A-B0BF-2BC29885D93B}.Debug|Any CPU.Build.0 = Debug|Any CPU
		{D5F492BE-B3D8-4B6A-B0BF-2BC29885D93B}.Release|Any CPU.ActiveCfg = Release|Any CPU
		{D5F492BE-B3D8-4B6A-B0BF-2BC29885D93B}.Release|Any CPU.Build.0 = Release|Any CPU
	EndGlobalSection
	GlobalSection(SolutionProperties) = preSolution
		HideSolutionNode = FALSE
	EndGlobalSection
	GlobalSection(ExtensibilityGlobals) = postSolution
		SolutionGuid = {FCC363C6-AC90-4F0B-9A33-28E050B14847}
	EndGlobalSection
EndGlobal
